// !$*UTF8*$!
{
	archiveVersion = 1;
	classes = {
	};
	objectVersion = 55;
	objects = {

/* Begin PBXBuildFile section */
		F8CF14BF27FC816900BCCEAC /* RoundButton.swift in Sources */ = {isa = PBXBuildFile; fileRef = F8CF14BE27FC816900BCCEAC /* RoundButton.swift */; };
		F8DDCF2C27FB2915001E7D96 /* AppDelegate.swift in Sources */ = {isa = PBXBuildFile; fileRef = F8DDCF2B27FB2915001E7D96 /* AppDelegate.swift */; };
		F8DDCF2E27FB2915001E7D96 /* SceneDelegate.swift in Sources */ = {isa = PBXBuildFile; fileRef = F8DDCF2D27FB2915001E7D96 /* SceneDelegate.swift */; };
		F8DDCF3027FB2915001E7D96 /* ViewController.swift in Sources */ = {isa = PBXBuildFile; fileRef = F8DDCF2F27FB2915001E7D96 /* ViewController.swift */; };
		F8DDCF3327FB2915001E7D96 /* Main.storyboard in Resources */ = {isa = PBXBuildFile; fileRef = F8DDCF3127FB2915001E7D96 /* Main.storyboard */; };
		F8DDCF3527FB2916001E7D96 /* Assets.xcassets in Resources */ = {isa = PBXBuildFile; fileRef = F8DDCF3427FB2916001E7D96 /* Assets.xcassets */; };
		F8DDCF3827FB2916001E7D96 /* LaunchScreen.storyboard in Resources */ = {isa = PBXBuildFile; fileRef = F8DDCF3627FB2916001E7D96 /* LaunchScreen.storyboard */; };
		F8DDCF4327FB2916001E7D96 /* CalculatorTests.swift in Sources */ = {isa = PBXBuildFile; fileRef = F8DDCF4227FB2916001E7D96 /* CalculatorTests.swift */; };
		F8DDCF4D27FB2916001E7D96 /* CalculatorUITests.swift in Sources */ = {isa = PBXBuildFile; fileRef = F8DDCF4C27FB2916001E7D96 /* CalculatorUITests.swift */; };
		F8DDCF4F27FB2916001E7D96 /* CalculatorUITestsLaunchTests.swift in Sources */ = {isa = PBXBuildFile; fileRef = F8DDCF4E27FB2916001E7D96 /* CalculatorUITestsLaunchTests.swift */; };
/* End PBXBuildFile section */

/* Begin PBXContainerItemProxy section */
		F8DDCF3F27FB2916001E7D96 /* PBXContainerItemProxy */ = {
			isa = PBXContainerItemProxy;
			containerPortal = F8DDCF2027FB2915001E7D96 /* Project object */;
			proxyType = 1;
			remoteGlobalIDString = F8DDCF2727FB2915001E7D96;
			remoteInfo = Calculator;
		};
		F8DDCF4927FB2916001E7D96 /* PBXContainerItemProxy */ = {
			isa = PBXContainerItemProxy;
			containerPortal = F8DDCF2027FB2915001E7D96 /* Project object */;
			proxyType = 1;
			remoteGlobalIDString = F8DDCF2727FB2915001E7D96;
			remoteInfo = Calculator;
		};
/* End PBXContainerItemProxy section */

/* Begin PBXFileReference section */
		F8CF14BE27FC816900BCCEAC /* RoundButton.swift */ = {isa = PBXFileReference; lastKnownFileType = sourcecode.swift; path = RoundButton.swift; sourceTree = "<group>"; };
		F8DDCF2827FB2915001E7D96 /* Calculator.app */ = {isa = PBXFileReference; explicitFileType = wrapper.application; includeInIndex = 0; path = Calculator.app; sourceTree = BUILT_PRODUCTS_DIR; };
		F8DDCF2B27FB2915001E7D96 /* AppDelegate.swift */ = {isa = PBXFileReference; lastKnownFileType = sourcecode.swift; path = AppDelegate.swift; sourceTree = "<group>"; };
		F8DDCF2D27FB2915001E7D96 /* SceneDelegate.swift */ = {isa = PBXFileReference; lastKnownFileType = sourcecode.swift; path = SceneDelegate.swift; sourceTree = "<group>"; };
		F8DDCF2F27FB2915001E7D96 /* ViewController.swift */ = {isa = PBXFileReference; lastKnownFileType = sourcecode.swift; path = ViewController.swift; sourceTree = "<group>"; };
		F8DDCF3227FB2915001E7D96 /* Base */ = {isa = PBXFileReference; lastKnownFileType = file.storyboard; name = Base; path = Base.lproj/Main.storyboard; sourceTree = "<group>"; };
		F8DDCF3427FB2916001E7D96 /* Assets.xcassets */ = {isa = PBXFileReference; lastKnownFileType = folder.assetcatalog; path = Assets.xcassets; sourceTree = "<group>"; };
		F8DDCF3727FB2916001E7D96 /* Base */ = {isa = PBXFileReference; lastKnownFileType = file.storyboard; name = Base; path = Base.lproj/LaunchScreen.storyboard; sourceTree = "<group>"; };
		F8DDCF3927FB2916001E7D96 /* Info.plist */ = {isa = PBXFileReference; lastKnownFileType = text.plist.xml; path = Info.plist; sourceTree = "<group>"; };
		F8DDCF3E27FB2916001E7D96 /* CalculatorTests.xctest */ = {isa = PBXFileReference; explicitFileType = wrapper.cfbundle; includeInIndex = 0; path = CalculatorTests.xctest; sourceTree = BUILT_PRODUCTS_DIR; };
		F8DDCF4227FB2916001E7D96 /* CalculatorTests.swift */ = {isa = PBXFileReference; lastKnownFileType = sourcecode.swift; path = CalculatorTests.swift; sourceTree = "<group>"; };
		F8DDCF4827FB2916001E7D96 /* CalculatorUITests.xctest */ = {isa = PBXFileReference; explicitFileType = wrapper.cfbundle; includeInIndex = 0; path = CalculatorUITests.xctest; sourceTree = BUILT_PRODUCTS_DIR; };
		F8DDCF4C27FB2916001E7D96 /* CalculatorUITests.swift */ = {isa = PBXFileReference; lastKnownFileType = sourcecode.swift; path = CalculatorUITests.swift; sourceTree = "<group>"; };
		F8DDCF4E27FB2916001E7D96 /* CalculatorUITestsLaunchTests.swift */ = {isa = PBXFileReference; lastKnownFileType = sourcecode.swift; path = CalculatorUITestsLaunchTests.swift; sourceTree = "<group>"; };
/* End PBXFileReference section */

/* Begin PBXFrameworksBuildPhase section */
		F8DDCF2527FB2915001E7D96 /* Frameworks */ = {
			isa = PBXFrameworksBuildPhase;
			buildActionMask = 2147483647;
			files = (
			);
			runOnlyForDeploymentPostprocessing = 0;
		};
		F8DDCF3B27FB2916001E7D96 /* Frameworks */ = {
			isa = PBXFrameworksBuildPhase;
			buildActionMask = 2147483647;
			files = (
			);
			runOnlyForDeploymentPostprocessing = 0;
		};
		F8DDCF4527FB2916001E7D96 /* Frameworks */ = {
			isa = PBXFrameworksBuildPhase;
			buildActionMask = 2147483647;
			files = (
			);
			runOnlyForDeploymentPostprocessing = 0;
		};
/* End PBXFrameworksBuildPhase section */

/* Begin PBXGroup section */
		F8DDCF1F27FB2915001E7D96 = {
			isa = PBXGroup;
			children = (
				F8DDCF2A27FB2915001E7D96 /* Calculator */,
				F8DDCF4127FB2916001E7D96 /* CalculatorTests */,
				F8DDCF4B27FB2916001E7D96 /* CalculatorUITests */,
				F8DDCF2927FB2915001E7D96 /* Products */,
			);
			sourceTree = "<group>";
		};
		F8DDCF2927FB2915001E7D96 /* Products */ = {
			isa = PBXGroup;
			children = (
				F8DDCF2827FB2915001E7D96 /* Calculator.app */,
				F8DDCF3E27FB2916001E7D96 /* CalculatorTests.xctest */,
				F8DDCF4827FB2916001E7D96 /* CalculatorUITests.xctest */,
			);
			name = Products;
			sourceTree = "<group>";
		};
		F8DDCF2A27FB2915001E7D96 /* Calculator */ = {
			isa = PBXGroup;
			children = (
				F8DDCF2B27FB2915001E7D96 /* AppDelegate.swift */,
				F8DDCF2D27FB2915001E7D96 /* SceneDelegate.swift */,
				F8DDCF2F27FB2915001E7D96 /* ViewController.swift */,
				F8DDCF3127FB2915001E7D96 /* Main.storyboard */,
				F8DDCF3427FB2916001E7D96 /* Assets.xcassets */,
				F8DDCF3627FB2916001E7D96 /* LaunchScreen.storyboard */,
				F8DDCF3927FB2916001E7D96 /* Info.plist */,
				F8CF14BE27FC816900BCCEAC /* RoundButton.swift */,
			);
			path = Calculator;
			sourceTree = "<group>";
		};
		F8DDCF4127FB2916001E7D96 /* CalculatorTests */ = {
			isa = PBXGroup;
			children = (
				F8DDCF4227FB2916001E7D96 /* CalculatorTests.swift */,
			);
			path = CalculatorTests;
			sourceTree = "<group>";
		};
		F8DDCF4B27FB2916001E7D96 /* CalculatorUITests */ = {
			isa = PBXGroup;
			children = (
				F8DDCF4C27FB2916001E7D96 /* CalculatorUITests.swift */,
				F8DDCF4E27FB2916001E7D96 /* CalculatorUITestsLaunchTests.swift */,
			);
			path = CalculatorUITests;
			sourceTree = "<group>";
		};
/* End PBXGroup section */

/* Begin PBXNativeTarget section */
		F8DDCF2727FB2915001E7D96 /* Calculator */ = {
			isa = PBXNativeTarget;
			buildConfigurationList = F8DDCF5227FB2916001E7D96 /* Build configuration list for PBXNativeTarget "Calculator" */;
			buildPhases = (
				F8DDCF2427FB2915001E7D96 /* Sources */,
				F8DDCF2527FB2915001E7D96 /* Frameworks */,
				F8DDCF2627FB2915001E7D96 /* Resources */,
			);
			buildRules = (
			);
			dependencies = (
			);
			name = Calculator;
			productName = Calculator;
			productReference = F8DDCF2827FB2915001E7D96 /* Calculator.app */;
			productType = "com.apple.product-type.application";
		};
		F8DDCF3D27FB2916001E7D96 /* CalculatorTests */ = {
			isa = PBXNativeTarget;
			buildConfigurationList = F8DDCF5527FB2916001E7D96 /* Build configuration list for PBXNativeTarget "CalculatorTests" */;
			buildPhases = (
				F8DDCF3A27FB2916001E7D96 /* Sources */,
				F8DDCF3B27FB2916001E7D96 /* Frameworks */,
				F8DDCF3C27FB2916001E7D96 /* Resources */,
			);
			buildRules = (
			);
			dependencies = (
				F8DDCF4027FB2916001E7D96 /* PBXTargetDependency */,
			);
			name = CalculatorTests;
			productName = CalculatorTests;
			productReference = F8DDCF3E27FB2916001E7D96 /* CalculatorTests.xctest */;
			productType = "com.apple.product-type.bundle.unit-test";
		};
		F8DDCF4727FB2916001E7D96 /* CalculatorUITests */ = {
			isa = PBXNativeTarget;
			buildConfigurationList = F8DDCF5827FB2916001E7D96 /* Build configuration list for PBXNativeTarget "CalculatorUITests" */;
			buildPhases = (
				F8DDCF4427FB2916001E7D96 /* Sources */,
				F8DDCF4527FB2916001E7D96 /* Frameworks */,
				F8DDCF4627FB2916001E7D96 /* Resources */,
			);
			buildRules = (
			);
			dependencies = (
				F8DDCF4A27FB2916001E7D96 /* PBXTargetDependency */,
			);
			name = CalculatorUITests;
			productName = CalculatorUITests;
			productReference = F8DDCF4827FB2916001E7D96 /* CalculatorUITests.xctest */;
			productType = "com.apple.product-type.bundle.ui-testing";
		};
/* End PBXNativeTarget section */

/* Begin PBXProject section */
		F8DDCF2027FB2915001E7D96 /* Project object */ = {
			isa = PBXProject;
			attributes = {
				BuildIndependentTargetsInParallel = 1;
				LastSwiftUpdateCheck = 1320;
				LastUpgradeCheck = 1320;
				TargetAttributes = {
					F8DDCF2727FB2915001E7D96 = {
						CreatedOnToolsVersion = 13.2.1;
					};
					F8DDCF3D27FB2916001E7D96 = {
						CreatedOnToolsVersion = 13.2.1;
						TestTargetID = F8DDCF2727FB2915001E7D96;
					};
					F8DDCF4727FB2916001E7D96 = {
						CreatedOnToolsVersion = 13.2.1;
						TestTargetID = F8DDCF2727FB2915001E7D96;
					};
				};
			};
			buildConfigurationList = F8DDCF2327FB2915001E7D96 /* Build configuration list for PBXProject "Calculator" */;
			compatibilityVersion = "Xcode 13.0";
			developmentRegion = en;
			hasScannedForEncodings = 0;
			knownRegions = (
				en,
				Base,
			);
			mainGroup = F8DDCF1F27FB2915001E7D96;
			productRefGroup = F8DDCF2927FB2915001E7D96 /* Products */;
			projectDirPath = "";
			projectRoot = "";
			targets = (
				F8DDCF2727FB2915001E7D96 /* Calculator */,
				F8DDCF3D27FB2916001E7D96 /* CalculatorTests */,
				F8DDCF4727FB2916001E7D96 /* CalculatorUITests */,
			);
		};
/* End PBXProject section */

/* Begin PBXResourcesBuildPhase section */
		F8DDCF2627FB2915001E7D96 /* Resources */ = {
			isa = PBXResourcesBuildPhase;
			buildActionMask = 2147483647;
			files = (
				F8DDCF3827FB2916001E7D96 /* LaunchScreen.storyboard in Resources */,
				F8DDCF3527FB2916001E7D96 /* Assets.xcassets in Resources */,
				F8DDCF3327FB2915001E7D96 /* Main.storyboard in Resources */,
			);
			runOnlyForDeploymentPostprocessing = 0;
		};
		F8DDCF3C27FB2916001E7D96 /* Resources */ = {
			isa = PBXResourcesBuildPhase;
			buildActionMask = 2147483647;
			files = (
			);
			runOnlyForDeploymentPostprocessing = 0;
		};
		F8DDCF4627FB2916001E7D96 /* Resources */ = {
			isa = PBXResourcesBuildPhase;
			buildActionMask = 2147483647;
			files = (
			);
			runOnlyForDeploymentPostprocessing = 0;
		};
/* End PBXResourcesBuildPhase section */

/* Begin PBXSourcesBuildPhase section */
		F8DDCF2427FB2915001E7D96 /* Sources */ = {
			isa = PBXSourcesBuildPhase;
			buildActionMask = 2147483647;
			files = (
				F8CF14BF27FC816900BCCEAC /* RoundButton.swift in Sources */,
				F8DDCF3027FB2915001E7D96 /* ViewController.swift in Sources */,
				F8DDCF2C27FB2915001E7D96 /* AppDelegate.swift in Sources */,
				F8DDCF2E27FB2915001E7D96 /* SceneDelegate.swift in Sources */,
			);
			runOnlyForDeploymentPostprocessing = 0;
		};
		F8DDCF3A27FB2916001E7D96 /* Sources */ = {
			isa = PBXSourcesBuildPhase;
			buildActionMask = 2147483647;
			files = (
				F8DDCF4327FB2916001E7D96 /* CalculatorTests.swift in Sources */,
			);
			runOnlyForDeploymentPostprocessing = 0;
		};
		F8DDCF4427FB2916001E7D96 /* Sources */ = {
			isa = PBXSourcesBuildPhase;
			buildActionMask = 2147483647;
			files = (
				F8DDCF4F27FB2916001E7D96 /* CalculatorUITestsLaunchTests.swift in Sources */,
				F8DDCF4D27FB2916001E7D96 /* CalculatorUITests.swift in Sources */,
			);
			runOnlyForDeploymentPostprocessing = 0;
		};
/* End PBXSourcesBuildPhase section */

/* Begin PBXTargetDependency section */
		F8DDCF4027FB2916001E7D96 /* PBXTargetDependency */ = {
			isa = PBXTargetDependency;
			target = F8DDCF2727FB2915001E7D96 /* Calculator */;
			targetProxy = F8DDCF3F27FB2916001E7D96 /* PBXContainerItemProxy */;
		};
		F8DDCF4A27FB2916001E7D96 /* PBXTargetDependency */ = {
			isa = PBXTargetDependency;
			target = F8DDCF2727FB2915001E7D96 /* Calculator */;
			targetProxy = F8DDCF4927FB2916001E7D96 /* PBXContainerItemProxy */;
		};
/* End PBXTargetDependency section */

/* Begin PBXVariantGroup section */
		F8DDCF3127FB2915001E7D96 /* Main.storyboard */ = {
			isa = PBXVariantGroup;
			children = (
				F8DDCF3227FB2915001E7D96 /* Base */,
			);
			name = Main.storyboard;
			sourceTree = "<group>";
		};
		F8DDCF3627FB2916001E7D96 /* LaunchScreen.storyboard */ = {
			isa = PBXVariantGroup;
			children = (
				F8DDCF3727FB2916001E7D96 /* Base */,
			);
			name = LaunchScreen.storyboard;
			sourceTree = "<group>";
		};
/* End PBXVariantGroup section */

/* Begin XCBuildConfiguration section */
		F8DDCF5027FB2916001E7D96 /* Debug */ = {
			isa = XCBuildConfiguration;
			buildSettings = {
				ALWAYS_SEARCH_USER_PATHS = NO;
				CLANG_ANALYZER_NONNULL = YES;
				CLANG_ANALYZER_NUMBER_OBJECT_CONVERSION = YES_AGGRESSIVE;
				CLANG_CXX_LANGUAGE_STANDARD = "gnu++17";
				CLANG_CXX_LIBRARY = "libc++";
				CLANG_ENABLE_MODULES = YES;
				CLANG_ENABLE_OBJC_ARC = YES;
				CLANG_ENABLE_OBJC_WEAK = YES;
				CLANG_WARN_BLOCK_CAPTURE_AUTORELEASING = YES;
				CLANG_WARN_BOOL_CONVERSION = YES;
				CLANG_WARN_COMMA = YES;
				CLANG_WARN_CONSTANT_CONVERSION = YES;
				CLANG_WARN_DEPRECATED_OBJC_IMPLEMENTATIONS = YES;
				CLANG_WARN_DIRECT_OBJC_ISA_USAGE = YES_ERROR;
				CLANG_WARN_DOCUMENTATION_COMMENTS = YES;
				CLANG_WARN_EMPTY_BODY = YES;
				CLANG_WARN_ENUM_CONVERSION = YES;
				CLANG_WARN_INFINITE_RECURSION = YES;
				CLANG_WARN_INT_CONVERSION = YES;
				CLANG_WARN_NON_LITERAL_NULL_CONVERSION = YES;
				CLANG_WARN_OBJC_IMPLICIT_RETAIN_SELF = YES;
				CLANG_WARN_OBJC_LITERAL_CONVERSION = YES;
				CLANG_WARN_OBJC_ROOT_CLASS = YES_ERROR;
				CLANG_WARN_QUOTED_INCLUDE_IN_FRAMEWORK_HEADER = YES;
				CLANG_WARN_RANGE_LOOP_ANALYSIS = YES;
				CLANG_WARN_STRICT_PROTOTYPES = YES;
				CLANG_WARN_SUSPICIOUS_MOVE = YES;
				CLANG_WARN_UNGUARDED_AVAILABILITY = YES_AGGRESSIVE;
				CLANG_WARN_UNREACHABLE_CODE = YES;
				CLANG_WARN__DUPLICATE_METHOD_MATCH = YES;
				COPY_PHASE_STRIP = NO;
				DEBUG_INFORMATION_FORMAT = dwarf;
				ENABLE_STRICT_OBJC_MSGSEND = YES;
				ENABLE_TESTABILITY = YES;
				GCC_C_LANGUAGE_STANDARD = gnu11;
				GCC_DYNAMIC_NO_PIC = NO;
				GCC_NO_COMMON_BLOCKS = YES;
				GCC_OPTIMIZATION_LEVEL = 0;
				GCC_PREPROCESSOR_DEFINITIONS = (
					"DEBUG=1",
					"$(inherited)",
				);
				GCC_WARN_64_TO_32_BIT_CONVERSION = YES;
				GCC_WARN_ABOUT_RETURN_TYPE = YES_ERROR;
				GCC_WARN_UNDECLARED_SELECTOR = YES;
				GCC_WARN_UNINITIALIZED_AUTOS = YES_AGGRESSIVE;
				GCC_WARN_UNUSED_FUNCTION = YES;
				GCC_WARN_UNUSED_VARIABLE = YES;
				IPHONEOS_DEPLOYMENT_TARGET = 15.2;
				MTL_ENABLE_DEBUG_INFO = INCLUDE_SOURCE;
				MTL_FAST_MATH = YES;
				ONLY_ACTIVE_ARCH = YES;
				SDKROOT = iphoneos;
				SWIFT_ACTIVE_COMPILATION_CONDITIONS = DEBUG;
				SWIFT_OPTIMIZATION_LEVEL = "-Onone";
			};
			name = Debug;
		};
		F8DDCF5127FB2916001E7D96 /* Release */ = {
			isa = XCBuildConfiguration;
			buildSettings = {
				ALWAYS_SEARCH_USER_PATHS = NO;
				CLANG_ANALYZER_NONNULL = YES;
				CLANG_ANALYZER_NUMBER_OBJECT_CONVERSION = YES_AGGRESSIVE;
				CLANG_CXX_LANGUAGE_STANDARD = "gnu++17";
				CLANG_CXX_LIBRARY = "libc++";
				CLANG_ENABLE_MODULES = YES;
				CLANG_ENABLE_OBJC_ARC = YES;
				CLANG_ENABLE_OBJC_WEAK = YES;
				CLANG_WARN_BLOCK_CAPTURE_AUTORELEASING = YES;
				CLANG_WARN_BOOL_CONVERSION = YES;
				CLANG_WARN_COMMA = YES;
				CLANG_WARN_CONSTANT_CONVERSION = YES;
				CLANG_WARN_DEPRECATED_OBJC_IMPLEMENTATIONS = YES;
				CLANG_WARN_DIRECT_OBJC_ISA_USAGE = YES_ERROR;
				CLANG_WARN_DOCUMENTATION_COMMENTS = YES;
				CLANG_WARN_EMPTY_BODY = YES;
				CLANG_WARN_ENUM_CONVERSION = YES;
				CLANG_WARN_INFINITE_RECURSION = YES;
				CLANG_WARN_INT_CONVERSION = YES;
				CLANG_WARN_NON_LITERAL_NULL_CONVERSION = YES;
				CLANG_WARN_OBJC_IMPLICIT_RETAIN_SELF = YES;
				CLANG_WARN_OBJC_LITERAL_CONVERSION = YES;
				CLANG_WARN_OBJC_ROOT_CLASS = YES_ERROR;
				CLANG_WARN_QUOTED_INCLUDE_IN_FRAMEWORK_HEADER = YES;
				CLANG_WARN_RANGE_LOOP_ANALYSIS = YES;
				CLANG_WARN_STRICT_PROTOTYPES = YES;
				CLANG_WARN_SUSPICIOUS_MOVE = YES;
				CLANG_WARN_UNGUARDED_AVAILABILITY = YES_AGGRESSIVE;
				CLANG_WARN_UNREACHABLE_CODE = YES;
				CLANG_WARN__DUPLICATE_METHOD_MATCH = YES;
				COPY_PHASE_STRIP = NO;
				DEBUG_INFORMATION_FORMAT = "dwarf-with-dsym";
				ENABLE_NS_ASSERTIONS = NO;
				ENABLE_STRICT_OBJC_MSGSEND = YES;
				GCC_C_LANGUAGE_STANDARD = gnu11;
				GCC_NO_COMMON_BLOCKS = YES;
				GCC_WARN_64_TO_32_BIT_CONVERSION = YES;
				GCC_WARN_ABOUT_RETURN_TYPE = YES_ERROR;
				GCC_WARN_UNDECLARED_SELECTOR = YES;
				GCC_WARN_UNINITIALIZED_AUTOS = YES_AGGRESSIVE;
				GCC_WARN_UNUSED_FUNCTION = YES;
				GCC_WARN_UNUSED_VARIABLE = YES;
				IPHONEOS_DEPLOYMENT_TARGET = 15.2;
				MTL_ENABLE_DEBUG_INFO = NO;
				MTL_FAST_MATH = YES;
				SDKROOT = iphoneos;
				SWIFT_COMPILATION_MODE = wholemodule;
				SWIFT_OPTIMIZATION_LEVEL = "-O";
				VALIDATE_PRODUCT = YES;
			};
			name = Release;
		};
		F8DDCF5327FB2916001E7D96 /* Debug */ = {
			isa = XCBuildConfiguration;
			buildSettings = {
				ASSETCATALOG_COMPILER_APPICON_NAME = AppIcon;
				ASSETCATALOG_COMPILER_GLOBAL_ACCENT_COLOR_NAME = AccentColor;
				CODE_SIGN_STYLE = Automatic;
				CURRENT_PROJECT_VERSION = 1;
				DEVELOPMENT_TEAM = 4G47XHXXQX;
				GENERATE_INFOPLIST_FILE = YES;
				INFOPLIST_FILE = Calculator/Info.plist;
				INFOPLIST_KEY_UIApplicationSupportsIndirectInputEvents = YES;
				INFOPLIST_KEY_UILaunchStoryboardName = LaunchScreen;
				INFOPLIST_KEY_UIMainStoryboardFile = Main;
				INFOPLIST_KEY_UISupportedInterfaceOrientations_iPad = "UIInterfaceOrientationPortrait UIInterfaceOrientationPortraitUpsideDown UIInterfaceOrientationLandscapeLeft UIInterfaceOrientationLandscapeRight";
				INFOPLIST_KEY_UISupportedInterfaceOrientations_iPhone = "UIInterfaceOrientationPortrait UIInterfaceOrientationLandscapeLeft UIInterfaceOrientationLandscapeRight";
				LD_RUNPATH_SEARCH_PATHS = (
					"$(inherited)",
					"@executable_path/Frameworks",
				);
				MARKETING_VERSION = 1.0;
				PRODUCT_BUNDLE_IDENTIFIER = study.fastcampus.won.Calculator;
				PRODUCT_NAME = "$(TARGET_NAME)";
				SWIFT_EMIT_LOC_STRINGS = YES;
				SWIFT_VERSION = 5.0;
				TARGETED_DEVICE_FAMILY = 1;
			};
			name = Debug;
		};
		F8DDCF5427FB2916001E7D96 /* Release */ = {
			isa = XCBuildConfiguration;
			buildSettings = {
				ASSETCATALOG_COMPILER_APPICON_NAME = AppIcon;
				ASSETCATALOG_COMPILER_GLOBAL_ACCENT_COLOR_NAME = AccentColor;
				CODE_SIGN_STYLE = Automatic;
				CURRENT_PROJECT_VERSION = 1;
				DEVELOPMENT_TEAM = 4G47XHXXQX;
				GENERATE_INFOPLIST_FILE = YES;
				INFOPLIST_FILE = Calculator/Info.plist;
				INFOPLIST_KEY_UIApplicationSupportsIndirectInputEvents = YES;
				INFOPLIST_KEY_UILaunchStoryboardName = LaunchScreen;
				INFOPLIST_KEY_UIMainStoryboardFile = Main;
				INFOPLIST_KEY_UISupportedInterfaceOrientations_iPad = "UIInterfaceOrientationPortrait UIInterfaceOrientationPortraitUpsideDown UIInterfaceOrientationLandscapeLeft UIInterfaceOrientationLandscapeRight";
				INFOPLIST_KEY_UISupportedInterfaceOrientations_iPhone = "UIInterfaceOrientationPortrait UIInterfaceOrientationLandscapeLeft UIInterfaceOrientationLandscapeRight";
				LD_RUNPATH_SEARCH_PATHS = (
					"$(inherited)",
					"@executable_path/Frameworks",
				);
				MARKETING_VERSION = 1.0;
				PRODUCT_BUNDLE_IDENTIFIER = study.fastcampus.won.Calculator;
				PRODUCT_NAME = "$(TARGET_NAME)";
				SWIFT_EMIT_LOC_STRINGS = YES;
				SWIFT_VERSION = 5.0;
				TARGETED_DEVICE_FAMILY = 1;
			};
			name = Release;
		};
		F8DDCF5627FB2916001E7D96 /* Debug */ = {
			isa = XCBuildConfiguration;
			buildSettings = {
				ALWAYS_EMBED_SWIFT_STANDARD_LIBRARIES = YES;
				BUNDLE_LOADER = "$(TEST_HOST)";
				CODE_SIGN_STYLE = Automatic;
				CURRENT_PROJECT_VERSION = 1;
				DEVELOPMENT_TEAM = 4G47XHXXQX;
				GENERATE_INFOPLIST_FILE = YES;
				IPHONEOS_DEPLOYMENT_TARGET = 15.2;
				MARKETING_VERSION = 1.0;
				PRODUCT_BUNDLE_IDENTIFIER = study.fastcampus.won.CalculatorTests;
				PRODUCT_NAME = "$(TARGET_NAME)";
				SWIFT_EMIT_LOC_STRINGS = NO;
				SWIFT_VERSION = 5.0;
				TARGETED_DEVICE_FAMILY = "1,2";
				TEST_HOST = "$(BUILT_PRODUCTS_DIR)/Calculator.app/Calculator";
			};
			name = Debug;
		};
		F8DDCF5727FB2916001E7D96 /* Release */ = {
			isa = XCBuildConfiguration;
			buildSettings = {
				ALWAYS_EMBED_SWIFT_STANDARD_LIBRARIES = YES;
				BUNDLE_LOADER = "$(TEST_HOST)";
				CODE_SIGN_STYLE = Automatic;
				CURRENT_PROJECT_VERSION = 1;
				DEVELOPMENT_TEAM = 4G47XHXXQX;
				GENERATE_INFOPLIST_FILE = YES;
				IPHONEOS_DEPLOYMENT_TARGET = 15.2;
				MARKETING_VERSION = 1.0;
				PRODUCT_BUNDLE_IDENTIFIER = study.fastcampus.won.CalculatorTests;
				PRODUCT_NAME = "$(TARGET_NAME)";
				SWIFT_EMIT_LOC_STRINGS = NO;
				SWIFT_VERSION = 5.0;
				TARGETED_DEVICE_FAMILY = "1,2";
				TEST_HOST = "$(BUILT_PRODUCTS_DIR)/Calculator.app/Calculator";
			};
			name = Release;
		};
		F8DDCF5927FB2916001E7D96 /* Debug */ = {
			isa = XCBuildConfiguration;
			buildSettings = {
				ALWAYS_EMBED_SWIFT_STANDARD_LIBRARIES = YES;
				CODE_SIGN_STYLE = Automatic;
				CURRENT_PROJECT_VERSION = 1;
				DEVELOPMENT_TEAM = 4G47XHXXQX;
				GENERATE_INFOPLIST_FILE = YES;
				MARKETING_VERSION = 1.0;
				PRODUCT_BUNDLE_IDENTIFIER = study.fastcampus.won.CalculatorUITests;
				PRODUCT_NAME = "$(TARGET_NAME)";
				SWIFT_EMIT_LOC_STRINGS = NO;
				SWIFT_VERSION = 5.0;
				TARGETED_DEVICE_FAMILY = "1,2";
				TEST_TARGET_NAME = Calculator;
			};
			name = Debug;
		};
		F8DDCF5A27FB2916001E7D96 /* Release */ = {
			isa = XCBuildConfiguration;
			buildSettings = {
				ALWAYS_EMBED_SWIFT_STANDARD_LIBRARIES = YES;
				CODE_SIGN_STYLE = Automatic;
				CURRENT_PROJECT_VERSION = 1;
				DEVELOPMENT_TEAM = 4G47XHXXQX;
				GENERATE_INFOPLIST_FILE = YES;
				MARKETING_VERSION = 1.0;
				PRODUCT_BUNDLE_IDENTIFIER = study.fastcampus.won.CalculatorUITests;
				PRODUCT_NAME = "$(TARGET_NAME)";
				SWIFT_EMIT_LOC_STRINGS = NO;
				SWIFT_VERSION = 5.0;
				TARGETED_DEVICE_FAMILY = "1,2";
				TEST_TARGET_NAME = Calculator;
			};
			name = Release;
		};
/* End XCBuildConfiguration section */

/* Begin XCConfigurationList section */
		F8DDCF2327FB2915001E7D96 /* Build configuration list for PBXProject "Calculator" */ = {
			isa = XCConfigurationList;
			buildConfigurations = (
				F8DDCF5027FB2916001E7D96 /* Debug */,
				F8DDCF5127FB2916001E7D96 /* Release */,
			);
			defaultConfigurationIsVisible = 0;
			defaultConfigurationName = Release;
		};
		F8DDCF5227FB2916001E7D96 /* Build configuration list for PBXNativeTarget "Calculator" */ = {
			isa = XCConfigurationList;
			buildConfigurations = (
				F8DDCF5327FB2916001E7D96 /* Debug */,
				F8DDCF5427FB2916001E7D96 /* Release */,
			);
			defaultConfigurationIsVisible = 0;
			defaultConfigurationName = Release;
		};
		F8DDCF5527FB2916001E7D96 /* Build configuration list for PBXNativeTarget "CalculatorTests" */ = {
			isa = XCConfigurationList;
			buildConfigurations = (
				F8DDCF5627FB2916001E7D96 /* Debug */,
				F8DDCF5727FB2916001E7D96 /* Release */,
			);
			defaultConfigurationIsVisible = 0;
			defaultConfigurationName = Release;
		};
		F8DDCF5827FB2916001E7D96 /* Build configuration list for PBXNativeTarget "CalculatorUITests" */ = {
			isa = XCConfigurationList;
			buildConfigurations = (
				F8DDCF5927FB2916001E7D96 /* Debug */,
				F8DDCF5A27FB2916001E7D96 /* Release */,
			);
			defaultConfigurationIsVisible = 0;
			defaultConfigurationName = Release;
		};
/* End XCConfigurationList section */
	};
	rootObject = F8DDCF2027FB2915001E7D96 /* Project object */;
}
